
Microsoft Visual Studio Solution File, Format Version 12.00
# Visual Studio 15
VisualStudioVersion = 15.0.27004.2005
MinimumVisualStudioVersion = 10.0.40219.1
Project("{FAE04EC0-301F-11D3-BF4B-00C04F79EFBC}") = "ConsoleApp17", "ConsoleApp17\ConsoleApp17.csproj", "{116F28D8-B939-4D2E-B654-0052058FAD29}"
EndProject
Global
	GlobalSection(SolutionConfigurationPlatforms) = preSolution
		Debug|Any CPU = Debug|Any CPU
		Release|Any CPU = Release|Any CPU
	EndGlobalSection
	GlobalSection(ProjectConfigurationPlatforms) = postSolution
		{116F28D8-B939-4D2E-B654-0052058FAD29}.Debug|Any CPU.ActiveCfg = Debug|Any CPU
		{116F28D8-B939-4D2E-B654-0052058FAD29}.Debug|Any CPU.Build.0 = Debug|Any CPU
		{116F28D8-B939-4D2E-B654-0052058FAD29}.Release|Any CPU.ActiveCfg = Release|Any CPU
		{116F28D8-B939-4D2E-B654-0052058FAD29}.Release|Any CPU.Build.0 = Release|Any CPU
	EndGlobalSection
	GlobalSection(SolutionProperties) = preSolution
		HideSolutionNode = FALSE
	EndGlobalSection
	GlobalSection(ExtensibilityGlobals) = postSolution
		SolutionGuid = {A84AAFC4-0DB4-47B4-857C-1FFE627E9EFA}
	EndGlobalSection
EndGlobal
