
Microsoft Visual Studio Solution File, Format Version 12.00
# Visual Studio 15
VisualStudioVersion = 15.0.28010.2050
MinimumVisualStudioVersion = 10.0.40219.1
Project("{FAE04EC0-301F-11D3-BF4B-00C04F79EFBC}") = "CarInsuranceMvc", "CarInsuranceMvc\CarInsuranceMvc.csproj", "{DA025632-730B-44AB-8F48-9975D0894E05}"
EndProject
Global
	GlobalSection(SolutionConfigurationPlatforms) = preSolution
		Debug|Any CPU = Debug|Any CPU
		Release|Any CPU = Release|Any CPU
	EndGlobalSection
	GlobalSection(ProjectConfigurationPlatforms) = postSolution
		{DA025632-730B-44AB-8F48-9975D0894E05}.Debug|Any CPU.ActiveCfg = Debug|Any CPU
		{DA025632-730B-44AB-8F48-9975D0894E05}.Debug|Any CPU.Build.0 = Debug|Any CPU
		{DA025632-730B-44AB-8F48-9975D0894E05}.Release|Any CPU.ActiveCfg = Release|Any CPU
		{DA025632-730B-44AB-8F48-9975D0894E05}.Release|Any CPU.Build.0 = Release|Any CPU
	EndGlobalSection
	GlobalSection(SolutionProperties) = preSolution
		HideSolutionNode = FALSE
	EndGlobalSection
	GlobalSection(ExtensibilityGlobals) = postSolution
		SolutionGuid = {42DCE17B-FF7A-4079-A5CC-C363E67FBDD4}
	EndGlobalSection
EndGlobal
